
Microsoft Visual Studio Solution File, Format Version 12.00
Project("{FAE04EC0-301F-11D3-BF4B-00C04F79EFBC}") = "BinaryStructureFormat", "BinaryStructureFormat\BinaryStructureFormat.csproj", "{58F5E207-DF0D-4119-821D-C25A2EAD4BA1}"
EndProject
Project("{FAE04EC0-301F-11D3-BF4B-00C04F79EFBC}") = "BinaryStructureFormat.Tests", "BinaryStructureFormat.Tests\BinaryStructureFormat.Tests.csproj", "{2F8F274F-0772-4F3F-A09D-998C148C7A67}"
EndProject
Global
	GlobalSection(SolutionConfigurationPlatforms) = preSolution
		Debug|Any CPU = Debug|Any CPU
		Release|Any CPU = Release|Any CPU
	EndGlobalSection
	GlobalSection(ProjectConfigurationPlatforms) = postSolution
		{58F5E207-DF0D-4119-821D-C25A2EAD4BA1}.Debug|Any CPU.ActiveCfg = Debug|Any CPU
		{58F5E207-DF0D-4119-821D-C25A2EAD4BA1}.Debug|Any CPU.Build.0 = Debug|Any CPU
		{58F5E207-DF0D-4119-821D-C25A2EAD4BA1}.Release|Any CPU.ActiveCfg = Release|Any CPU
		{58F5E207-DF0D-4119-821D-C25A2EAD4BA1}.Release|Any CPU.Build.0 = Release|Any CPU
		{2F8F274F-0772-4F3F-A09D-998C148C7A67}.Debug|Any CPU.ActiveCfg = Debug|Any CPU
		{2F8F274F-0772-4F3F-A09D-998C148C7A67}.Debug|Any CPU.Build.0 = Debug|Any CPU
		{2F8F274F-0772-4F3F-A09D-998C148C7A67}.Release|Any CPU.ActiveCfg = Release|Any CPU
		{2F8F274F-0772-4F3F-A09D-998C148C7A67}.Release|Any CPU.Build.0 = Release|Any CPU
	EndGlobalSection
EndGlobal
